
Microsoft Visual Studio Solution File, Format Version 12.00
# Visual Studio Version 17
VisualStudioVersion = 17.3.32901.215
MinimumVisualStudioVersion = 10.0.40219.1
Project("{FAE04EC0-301F-11D3-BF4B-00C04F79EFBC}") = "Animals", "Animals\Animals.csproj", "{4742B55A-227A-489B-B32E-5AAD48FB6BB3}"
EndProject
Global
	GlobalSection(SolutionConfigurationPlatforms) = preSolution
		Debug|Any CPU = Debug|Any CPU
		Release|Any CPU = Release|Any CPU
	EndGlobalSection
	GlobalSection(ProjectConfigurationPlatforms) = postSolution
		{4742B55A-227A-489B-B32E-5AAD48FB6BB3}.Debug|Any CPU.ActiveCfg = Debug|Any CPU
		{4742B55A-227A-489B-B32E-5AAD48FB6BB3}.Debug|Any CPU.Build.0 = Debug|Any CPU
		{4742B55A-227A-489B-B32E-5AAD48FB6BB3}.Release|Any CPU.ActiveCfg = Release|Any CPU
		{4742B55A-227A-489B-B32E-5AAD48FB6BB3}.Release|Any CPU.Build.0 = Release|Any CPU
	EndGlobalSection
	GlobalSection(SolutionProperties) = preSolution
		HideSolutionNode = FALSE
	EndGlobalSection
	GlobalSection(ExtensibilityGlobals) = postSolution
		SolutionGuid = {D2F1D7C4-2128-4933-8A0C-4C954A718F76}
	EndGlobalSection
EndGlobal
